// !$*UTF8*$!
{
	archiveVersion = 1;
	classes = {
	};
	objectVersion = 56;
	objects = {

/* Begin PBXBuildFile section */
		499DEEEC2A93529100F9B950 /* Ukraine_russia_War_Dataset_2022App.swift in Sources */ = {isa = PBXBuildFile; fileRef = 499DEEEB2A93529100F9B950 /* Ukraine_russia_War_Dataset_2022App.swift */; };
		499DEEEE2A93529100F9B950 /* ContentView.swift in Sources */ = {isa = PBXBuildFile; fileRef = 499DEEED2A93529100F9B950 /* ContentView.swift */; };
		499DEEF02A93529200F9B950 /* Assets.xcassets in Resources */ = {isa = PBXBuildFile; fileRef = 499DEEEF2A93529200F9B950 /* Assets.xcassets */; };
		499DEEF32A93529200F9B950 /* Preview Assets.xcassets in Resources */ = {isa = PBXBuildFile; fileRef = 499DEEF22A93529200F9B950 /* Preview Assets.xcassets */; };
		49A8C1F42A93CE30003E3B58 /* russia_losses_equipment_correction.json in Resources */ = {isa = PBXBuildFile; fileRef = 49A8C1F02A93CE30003E3B58 /* russia_losses_equipment_correction.json */; };
		49A8C1F52A93CE30003E3B58 /* russia_losses_equipment_oryx.json in Resources */ = {isa = PBXBuildFile; fileRef = 49A8C1F12A93CE30003E3B58 /* russia_losses_equipment_oryx.json */; };
		49A8C1F62A93CE30003E3B58 /* russia_losses_personnel.json in Resources */ = {isa = PBXBuildFile; fileRef = 49A8C1F22A93CE30003E3B58 /* russia_losses_personnel.json */; };
		49A8C1F72A93CE30003E3B58 /* russia_losses_equipment.json in Resources */ = {isa = PBXBuildFile; fileRef = 49A8C1F32A93CE30003E3B58 /* russia_losses_equipment.json */; };
		49D48ADF2A93618F00D4261D /* DatePickerView.swift in Sources */ = {isa = PBXBuildFile; fileRef = 49D48ADE2A93618F00D4261D /* DatePickerView.swift */; };
		49D48AE12A93776200D4261D /* LossesEquipmentModel.swift in Sources */ = {isa = PBXBuildFile; fileRef = 49D48AE02A93776200D4261D /* LossesEquipmentModel.swift */; };
		49D48AE32A93777400D4261D /* LossesEquipmentCorrectionModel.swift in Sources */ = {isa = PBXBuildFile; fileRef = 49D48AE22A93777400D4261D /* LossesEquipmentCorrectionModel.swift */; };
		49D48AE52A93778A00D4261D /* LossesEquipmentOryxModel.swift in Sources */ = {isa = PBXBuildFile; fileRef = 49D48AE42A93778A00D4261D /* LossesEquipmentOryxModel.swift */; };
		49D48AE72A93779500D4261D /* LossesPersonnelModel.swift in Sources */ = {isa = PBXBuildFile; fileRef = 49D48AE62A93779500D4261D /* LossesPersonnelModel.swift */; };
		49DA3CE02A992AC300D4DF51 /* Color+Extensions.swift in Sources */ = {isa = PBXBuildFile; fileRef = 49DA3CDF2A992AC300D4DF51 /* Color+Extensions.swift */; };
		49DA3CE22A992F8B00D4DF51 /* DetailView.swift in Sources */ = {isa = PBXBuildFile; fileRef = 49DA3CE12A992F8B00D4DF51 /* DetailView.swift */; };
		49FDECA12A93B47F009ED23C /* LossesListView.swift in Sources */ = {isa = PBXBuildFile; fileRef = 49FDECA02A93B47F009ED23C /* LossesListView.swift */; };
		49FDECA32A93B586009ED23C /* JSONParsing.swift in Sources */ = {isa = PBXBuildFile; fileRef = 49FDECA22A93B586009ED23C /* JSONParsing.swift */; };
/* End PBXBuildFile section */

/* Begin PBXFileReference section */
		499DEEE82A93529100F9B950 /* Ukraine_russia_War_Dataset_2022.app */ = {isa = PBXFileReference; explicitFileType = wrapper.application; includeInIndex = 0; path = Ukraine_russia_War_Dataset_2022.app; sourceTree = BUILT_PRODUCTS_DIR; };
		499DEEEB2A93529100F9B950 /* Ukraine_russia_War_Dataset_2022App.swift */ = {isa = PBXFileReference; lastKnownFileType = sourcecode.swift; path = Ukraine_russia_War_Dataset_2022App.swift; sourceTree = "<group>"; };
		499DEEED2A93529100F9B950 /* ContentView.swift */ = {isa = PBXFileReference; lastKnownFileType = sourcecode.swift; path = ContentView.swift; sourceTree = "<group>"; };
		499DEEEF2A93529200F9B950 /* Assets.xcassets */ = {isa = PBXFileReference; lastKnownFileType = folder.assetcatalog; path = Assets.xcassets; sourceTree = "<group>"; };
		499DEEF22A93529200F9B950 /* Preview Assets.xcassets */ = {isa = PBXFileReference; lastKnownFileType = folder.assetcatalog; path = "Preview Assets.xcassets"; sourceTree = "<group>"; };
		49A8C1F02A93CE30003E3B58 /* russia_losses_equipment_correction.json */ = {isa = PBXFileReference; fileEncoding = 4; lastKnownFileType = text.json; path = russia_losses_equipment_correction.json; sourceTree = "<group>"; };
		49A8C1F12A93CE30003E3B58 /* russia_losses_equipment_oryx.json */ = {isa = PBXFileReference; fileEncoding = 4; lastKnownFileType = text.json; path = russia_losses_equipment_oryx.json; sourceTree = "<group>"; };
		49A8C1F22A93CE30003E3B58 /* russia_losses_personnel.json */ = {isa = PBXFileReference; fileEncoding = 4; lastKnownFileType = text.json; path = russia_losses_personnel.json; sourceTree = "<group>"; };
		49A8C1F32A93CE30003E3B58 /* russia_losses_equipment.json */ = {isa = PBXFileReference; fileEncoding = 4; lastKnownFileType = text.json; path = russia_losses_equipment.json; sourceTree = "<group>"; };
		49D48ADE2A93618F00D4261D /* DatePickerView.swift */ = {isa = PBXFileReference; lastKnownFileType = sourcecode.swift; path = DatePickerView.swift; sourceTree = "<group>"; };
		49D48AE02A93776200D4261D /* LossesEquipmentModel.swift */ = {isa = PBXFileReference; lastKnownFileType = sourcecode.swift; path = LossesEquipmentModel.swift; sourceTree = "<group>"; };
		49D48AE22A93777400D4261D /* LossesEquipmentCorrectionModel.swift */ = {isa = PBXFileReference; lastKnownFileType = sourcecode.swift; path = LossesEquipmentCorrectionModel.swift; sourceTree = "<group>"; };
		49D48AE42A93778A00D4261D /* LossesEquipmentOryxModel.swift */ = {isa = PBXFileReference; lastKnownFileType = sourcecode.swift; path = LossesEquipmentOryxModel.swift; sourceTree = "<group>"; };
		49D48AE62A93779500D4261D /* LossesPersonnelModel.swift */ = {isa = PBXFileReference; lastKnownFileType = sourcecode.swift; path = LossesPersonnelModel.swift; sourceTree = "<group>"; };
		49DA3CDF2A992AC300D4DF51 /* Color+Extensions.swift */ = {isa = PBXFileReference; lastKnownFileType = sourcecode.swift; path = "Color+Extensions.swift"; sourceTree = "<group>"; };
		49DA3CE12A992F8B00D4DF51 /* DetailView.swift */ = {isa = PBXFileReference; lastKnownFileType = sourcecode.swift; path = DetailView.swift; sourceTree = "<group>"; };
		49FDECA02A93B47F009ED23C /* LossesListView.swift */ = {isa = PBXFileReference; lastKnownFileType = sourcecode.swift; path = LossesListView.swift; sourceTree = "<group>"; };
		49FDECA22A93B586009ED23C /* JSONParsing.swift */ = {isa = PBXFileReference; lastKnownFileType = sourcecode.swift; path = JSONParsing.swift; sourceTree = "<group>"; };
/* End PBXFileReference section */

/* Begin PBXFrameworksBuildPhase section */
		499DEEE52A93529100F9B950 /* Frameworks */ = {
			isa = PBXFrameworksBuildPhase;
			buildActionMask = 2147483647;
			files = (
			);
			runOnlyForDeploymentPostprocessing = 0;
		};
/* End PBXFrameworksBuildPhase section */

/* Begin PBXGroup section */
		499DEEDF2A93529100F9B950 = {
			isa = PBXGroup;
			children = (
				499DEEEA2A93529100F9B950 /* Ukraine_russia_War_Dataset_2022 */,
				499DEEE92A93529100F9B950 /* Products */,
			);
			sourceTree = "<group>";
		};
		499DEEE92A93529100F9B950 /* Products */ = {
			isa = PBXGroup;
			children = (
				499DEEE82A93529100F9B950 /* Ukraine_russia_War_Dataset_2022.app */,
			);
			name = Products;
			sourceTree = "<group>";
		};
		499DEEEA2A93529100F9B950 /* Ukraine_russia_War_Dataset_2022 */ = {
			isa = PBXGroup;
			children = (
				49DA3CDE2A992A9600D4DF51 /* Color+Extensions */,
				49DA3CDD2A992A5D00D4DF51 /* Resources */,
				499DEEF92A93551C00F9B950 /* Model */,
				499DEEFA2A93552200F9B950 /* View */,
				499DEEFB2A93552600F9B950 /* Controller */,
				499DEEEB2A93529100F9B950 /* Ukraine_russia_War_Dataset_2022App.swift */,
				499DEEEF2A93529200F9B950 /* Assets.xcassets */,
				499DEEF12A93529200F9B950 /* Preview Content */,
			);
			path = Ukraine_russia_War_Dataset_2022;
			sourceTree = "<group>";
		};
		499DEEF12A93529200F9B950 /* Preview Content */ = {
			isa = PBXGroup;
			children = (
				499DEEF22A93529200F9B950 /* Preview Assets.xcassets */,
			);
			path = "Preview Content";
			sourceTree = "<group>";
		};
		499DEEF92A93551C00F9B950 /* Model */ = {
			isa = PBXGroup;
			children = (
				49D48AE02A93776200D4261D /* LossesEquipmentModel.swift */,
				49D48AE22A93777400D4261D /* LossesEquipmentCorrectionModel.swift */,
				49D48AE42A93778A00D4261D /* LossesEquipmentOryxModel.swift */,
				49D48AE62A93779500D4261D /* LossesPersonnelModel.swift */,
			);
			path = Model;
			sourceTree = "<group>";
		};
		499DEEFA2A93552200F9B950 /* View */ = {
			isa = PBXGroup;
			children = (
				499DEEED2A93529100F9B950 /* ContentView.swift */,
				49D48ADE2A93618F00D4261D /* DatePickerView.swift */,
				49FDECA02A93B47F009ED23C /* LossesListView.swift */,
				49DA3CE12A992F8B00D4DF51 /* DetailView.swift */,
			);
			path = View;
			sourceTree = "<group>";
		};
		499DEEFB2A93552600F9B950 /* Controller */ = {
			isa = PBXGroup;
			children = (
				49FDECA22A93B586009ED23C /* JSONParsing.swift */,
			);
			path = Controller;
			sourceTree = "<group>";
		};
		49DA3CDD2A992A5D00D4DF51 /* Resources */ = {
			isa = PBXGroup;
			children = (
				49A8C1F02A93CE30003E3B58 /* russia_losses_equipment_correction.json */,
				49A8C1F12A93CE30003E3B58 /* russia_losses_equipment_oryx.json */,
				49A8C1F32A93CE30003E3B58 /* russia_losses_equipment.json */,
				49A8C1F22A93CE30003E3B58 /* russia_losses_personnel.json */,
			);
			path = Resources;
			sourceTree = "<group>";
		};
		49DA3CDE2A992A9600D4DF51 /* Color+Extensions */ = {
			isa = PBXGroup;
			children = (
				49DA3CDF2A992AC300D4DF51 /* Color+Extensions.swift */,
			);
			path = "Color+Extensions";
			sourceTree = "<group>";
		};
/* End PBXGroup section */

/* Begin PBXNativeTarget section */
		499DEEE72A93529100F9B950 /* Ukraine_russia_War_Dataset_2022 */ = {
			isa = PBXNativeTarget;
			buildConfigurationList = 499DEEF62A93529200F9B950 /* Build configuration list for PBXNativeTarget "Ukraine_russia_War_Dataset_2022" */;
			buildPhases = (
				499DEEE42A93529100F9B950 /* Sources */,
				499DEEE52A93529100F9B950 /* Frameworks */,
				499DEEE62A93529100F9B950 /* Resources */,
			);
			buildRules = (
			);
			dependencies = (
			);
			name = Ukraine_russia_War_Dataset_2022;
			productName = Ukraine_russia_War_Dataset_2022;
			productReference = 499DEEE82A93529100F9B950 /* Ukraine_russia_War_Dataset_2022.app */;
			productType = "com.apple.product-type.application";
		};
/* End PBXNativeTarget section */

/* Begin PBXProject section */
		499DEEE02A93529100F9B950 /* Project object */ = {
			isa = PBXProject;
			attributes = {
				BuildIndependentTargetsInParallel = 1;
				LastSwiftUpdateCheck = 1430;
				LastUpgradeCheck = 1430;
				TargetAttributes = {
					499DEEE72A93529100F9B950 = {
						CreatedOnToolsVersion = 14.3.1;
					};
				};
			};
			buildConfigurationList = 499DEEE32A93529100F9B950 /* Build configuration list for PBXProject "Ukraine_russia_War_Dataset_2022" */;
			compatibilityVersion = "Xcode 14.0";
			developmentRegion = en;
			hasScannedForEncodings = 0;
			knownRegions = (
				en,
				Base,
			);
			mainGroup = 499DEEDF2A93529100F9B950;
			productRefGroup = 499DEEE92A93529100F9B950 /* Products */;
			projectDirPath = "";
			projectRoot = "";
			targets = (
				499DEEE72A93529100F9B950 /* Ukraine_russia_War_Dataset_2022 */,
			);
		};
/* End PBXProject section */

/* Begin PBXResourcesBuildPhase section */
		499DEEE62A93529100F9B950 /* Resources */ = {
			isa = PBXResourcesBuildPhase;
			buildActionMask = 2147483647;
			files = (
				49A8C1F72A93CE30003E3B58 /* russia_losses_equipment.json in Resources */,
				49A8C1F52A93CE30003E3B58 /* russia_losses_equipment_oryx.json in Resources */,
				49A8C1F42A93CE30003E3B58 /* russia_losses_equipment_correction.json in Resources */,
				499DEEF32A93529200F9B950 /* Preview Assets.xcassets in Resources */,
				49A8C1F62A93CE30003E3B58 /* russia_losses_personnel.json in Resources */,
				499DEEF02A93529200F9B950 /* Assets.xcassets in Resources */,
			);
			runOnlyForDeploymentPostprocessing = 0;
		};
/* End PBXResourcesBuildPhase section */

/* Begin PBXSourcesBuildPhase section */
		499DEEE42A93529100F9B950 /* Sources */ = {
			isa = PBXSourcesBuildPhase;
			buildActionMask = 2147483647;
			files = (
				49FDECA32A93B586009ED23C /* JSONParsing.swift in Sources */,
				499DEEEE2A93529100F9B950 /* ContentView.swift in Sources */,
				49D48AE32A93777400D4261D /* LossesEquipmentCorrectionModel.swift in Sources */,
				499DEEEC2A93529100F9B950 /* Ukraine_russia_War_Dataset_2022App.swift in Sources */,
				49D48ADF2A93618F00D4261D /* DatePickerView.swift in Sources */,
				49DA3CE22A992F8B00D4DF51 /* DetailView.swift in Sources */,
				49DA3CE02A992AC300D4DF51 /* Color+Extensions.swift in Sources */,
				49D48AE72A93779500D4261D /* LossesPersonnelModel.swift in Sources */,
				49D48AE12A93776200D4261D /* LossesEquipmentModel.swift in Sources */,
				49D48AE52A93778A00D4261D /* LossesEquipmentOryxModel.swift in Sources */,
				49FDECA12A93B47F009ED23C /* LossesListView.swift in Sources */,
			);
			runOnlyForDeploymentPostprocessing = 0;
		};
/* End PBXSourcesBuildPhase section */

/* Begin XCBuildConfiguration section */
		499DEEF42A93529200F9B950 /* Debug */ = {
			isa = XCBuildConfiguration;
			buildSettings = {
				ALWAYS_SEARCH_USER_PATHS = NO;
				CLANG_ANALYZER_NONNULL = YES;
				CLANG_ANALYZER_NUMBER_OBJECT_CONVERSION = YES_AGGRESSIVE;
				CLANG_CXX_LANGUAGE_STANDARD = "gnu++20";
				CLANG_ENABLE_MODULES = YES;
				CLANG_ENABLE_OBJC_ARC = YES;
				CLANG_ENABLE_OBJC_WEAK = YES;
				CLANG_WARN_BLOCK_CAPTURE_AUTORELEASING = YES;
				CLANG_WARN_BOOL_CONVERSION = YES;
				CLANG_WARN_COMMA = YES;
				CLANG_WARN_CONSTANT_CONVERSION = YES;
				CLANG_WARN_DEPRECATED_OBJC_IMPLEMENTATIONS = YES;
				CLANG_WARN_DIRECT_OBJC_ISA_USAGE = YES_ERROR;
				CLANG_WARN_DOCUMENTATION_COMMENTS = YES;
				CLANG_WARN_EMPTY_BODY = YES;
				CLANG_WARN_ENUM_CONVERSION = YES;
				CLANG_WARN_INFINITE_RECURSION = YES;
				CLANG_WARN_INT_CONVERSION = YES;
				CLANG_WARN_NON_LITERAL_NULL_CONVERSION = YES;
				CLANG_WARN_OBJC_IMPLICIT_RETAIN_SELF = YES;
				CLANG_WARN_OBJC_LITERAL_CONVERSION = YES;
				CLANG_WARN_OBJC_ROOT_CLASS = YES_ERROR;
				CLANG_WARN_QUOTED_INCLUDE_IN_FRAMEWORK_HEADER = YES;
				CLANG_WARN_RANGE_LOOP_ANALYSIS = YES;
				CLANG_WARN_STRICT_PROTOTYPES = YES;
				CLANG_WARN_SUSPICIOUS_MOVE = YES;
				CLANG_WARN_UNGUARDED_AVAILABILITY = YES_AGGRESSIVE;
				CLANG_WARN_UNREACHABLE_CODE = YES;
				CLANG_WARN__DUPLICATE_METHOD_MATCH = YES;
				COPY_PHASE_STRIP = NO;
				DEBUG_INFORMATION_FORMAT = dwarf;
				ENABLE_STRICT_OBJC_MSGSEND = YES;
				ENABLE_TESTABILITY = YES;
				GCC_C_LANGUAGE_STANDARD = gnu11;
				GCC_DYNAMIC_NO_PIC = NO;
				GCC_NO_COMMON_BLOCKS = YES;
				GCC_OPTIMIZATION_LEVEL = 0;
				GCC_PREPROCESSOR_DEFINITIONS = (
					"DEBUG=1",
					"$(inherited)",
				);
				GCC_WARN_64_TO_32_BIT_CONVERSION = YES;
				GCC_WARN_ABOUT_RETURN_TYPE = YES_ERROR;
				GCC_WARN_UNDECLARED_SELECTOR = YES;
				GCC_WARN_UNINITIALIZED_AUTOS = YES_AGGRESSIVE;
				GCC_WARN_UNUSED_FUNCTION = YES;
				GCC_WARN_UNUSED_VARIABLE = YES;
				IPHONEOS_DEPLOYMENT_TARGET = 16.4;
				MTL_ENABLE_DEBUG_INFO = INCLUDE_SOURCE;
				MTL_FAST_MATH = YES;
				ONLY_ACTIVE_ARCH = YES;
				SDKROOT = iphoneos;
				SWIFT_ACTIVE_COMPILATION_CONDITIONS = DEBUG;
				SWIFT_OPTIMIZATION_LEVEL = "-Onone";
			};
			name = Debug;
		};
		499DEEF52A93529200F9B950 /* Release */ = {
			isa = XCBuildConfiguration;
			buildSettings = {
				ALWAYS_SEARCH_USER_PATHS = NO;
				CLANG_ANALYZER_NONNULL = YES;
				CLANG_ANALYZER_NUMBER_OBJECT_CONVERSION = YES_AGGRESSIVE;
				CLANG_CXX_LANGUAGE_STANDARD = "gnu++20";
				CLANG_ENABLE_MODULES = YES;
				CLANG_ENABLE_OBJC_ARC = YES;
				CLANG_ENABLE_OBJC_WEAK = YES;
				CLANG_WARN_BLOCK_CAPTURE_AUTORELEASING = YES;
				CLANG_WARN_BOOL_CONVERSION = YES;
				CLANG_WARN_COMMA = YES;
				CLANG_WARN_CONSTANT_CONVERSION = YES;
				CLANG_WARN_DEPRECATED_OBJC_IMPLEMENTATIONS = YES;
				CLANG_WARN_DIRECT_OBJC_ISA_USAGE = YES_ERROR;
				CLANG_WARN_DOCUMENTATION_COMMENTS = YES;
				CLANG_WARN_EMPTY_BODY = YES;
				CLANG_WARN_ENUM_CONVERSION = YES;
				CLANG_WARN_INFINITE_RECURSION = YES;
				CLANG_WARN_INT_CONVERSION = YES;
				CLANG_WARN_NON_LITERAL_NULL_CONVERSION = YES;
				CLANG_WARN_OBJC_IMPLICIT_RETAIN_SELF = YES;
				CLANG_WARN_OBJC_LITERAL_CONVERSION = YES;
				CLANG_WARN_OBJC_ROOT_CLASS = YES_ERROR;
				CLANG_WARN_QUOTED_INCLUDE_IN_FRAMEWORK_HEADER = YES;
				CLANG_WARN_RANGE_LOOP_ANALYSIS = YES;
				CLANG_WARN_STRICT_PROTOTYPES = YES;
				CLANG_WARN_SUSPICIOUS_MOVE = YES;
				CLANG_WARN_UNGUARDED_AVAILABILITY = YES_AGGRESSIVE;
				CLANG_WARN_UNREACHABLE_CODE = YES;
				CLANG_WARN__DUPLICATE_METHOD_MATCH = YES;
				COPY_PHASE_STRIP = NO;
				DEBUG_INFORMATION_FORMAT = "dwarf-with-dsym";
				ENABLE_NS_ASSERTIONS = NO;
				ENABLE_STRICT_OBJC_MSGSEND = YES;
				GCC_C_LANGUAGE_STANDARD = gnu11;
				GCC_NO_COMMON_BLOCKS = YES;
				GCC_WARN_64_TO_32_BIT_CONVERSION = YES;
				GCC_WARN_ABOUT_RETURN_TYPE = YES_ERROR;
				GCC_WARN_UNDECLARED_SELECTOR = YES;
				GCC_WARN_UNINITIALIZED_AUTOS = YES_AGGRESSIVE;
				GCC_WARN_UNUSED_FUNCTION = YES;
				GCC_WARN_UNUSED_VARIABLE = YES;
				IPHONEOS_DEPLOYMENT_TARGET = 16.4;
				MTL_ENABLE_DEBUG_INFO = NO;
				MTL_FAST_MATH = YES;
				SDKROOT = iphoneos;
				SWIFT_COMPILATION_MODE = wholemodule;
				SWIFT_OPTIMIZATION_LEVEL = "-O";
				VALIDATE_PRODUCT = YES;
			};
			name = Release;
		};
		499DEEF72A93529200F9B950 /* Debug */ = {
			isa = XCBuildConfiguration;
			buildSettings = {
				ASSETCATALOG_COMPILER_APPICON_NAME = AppIcon;
				ASSETCATALOG_COMPILER_GLOBAL_ACCENT_COLOR_NAME = AccentColor;
				CODE_SIGN_STYLE = Automatic;
				CURRENT_PROJECT_VERSION = 1;
				DEVELOPMENT_ASSET_PATHS = "\"Ukraine_russia_War_Dataset_2022/Preview Content\"";
				DEVELOPMENT_TEAM = A8MUA8B3X2;
				ENABLE_PREVIEWS = YES;
				GENERATE_INFOPLIST_FILE = YES;
				INFOPLIST_KEY_UIApplicationSceneManifest_Generation = YES;
				INFOPLIST_KEY_UIApplicationSupportsIndirectInputEvents = YES;
				INFOPLIST_KEY_UILaunchScreen_Generation = YES;
				INFOPLIST_KEY_UISupportedInterfaceOrientations = UIInterfaceOrientationPortrait;
				INFOPLIST_KEY_UISupportedInterfaceOrientations_iPad = "UIInterfaceOrientationLandscapeLeft UIInterfaceOrientationLandscapeRight UIInterfaceOrientationPortrait UIInterfaceOrientationPortraitUpsideDown";
				LD_RUNPATH_SEARCH_PATHS = (
					"$(inherited)",
					"@executable_path/Frameworks",
				);
				MARKETING_VERSION = 1.0;
				PRODUCT_BUNDLE_IDENTIFIER = "lodkag.Ukraine-russia-War-Dataset-2022";
				PRODUCT_NAME = "$(TARGET_NAME)";
				SWIFT_EMIT_LOC_STRINGS = YES;
				SWIFT_VERSION = 5.0;
				TARGETED_DEVICE_FAMILY = "1,2";
			};
			name = Debug;
		};
		499DEEF82A93529200F9B950 /* Release */ = {
			isa = XCBuildConfiguration;
			buildSettings = {
				ASSETCATALOG_COMPILER_APPICON_NAME = AppIcon;
				ASSETCATALOG_COMPILER_GLOBAL_ACCENT_COLOR_NAME = AccentColor;
				CODE_SIGN_STYLE = Automatic;
				CURRENT_PROJECT_VERSION = 1;
				DEVELOPMENT_ASSET_PATHS = "\"Ukraine_russia_War_Dataset_2022/Preview Content\"";
				DEVELOPMENT_TEAM = A8MUA8B3X2;
				ENABLE_PREVIEWS = YES;
				GENERATE_INFOPLIST_FILE = YES;
				INFOPLIST_KEY_UIApplicationSceneManifest_Generation = YES;
				INFOPLIST_KEY_UIApplicationSupportsIndirectInputEvents = YES;
				INFOPLIST_KEY_UILaunchScreen_Generation = YES;
				INFOPLIST_KEY_UISupportedInterfaceOrientations = UIInterfaceOrientationPortrait;
				INFOPLIST_KEY_UISupportedInterfaceOrientations_iPad = "UIInterfaceOrientationLandscapeLeft UIInterfaceOrientationLandscapeRight UIInterfaceOrientationPortrait UIInterfaceOrientationPortraitUpsideDown";
				LD_RUNPATH_SEARCH_PATHS = (
					"$(inherited)",
					"@executable_path/Frameworks",
				);
				MARKETING_VERSION = 1.0;
				PRODUCT_BUNDLE_IDENTIFIER = "lodkag.Ukraine-russia-War-Dataset-2022";
				PRODUCT_NAME = "$(TARGET_NAME)";
				SWIFT_EMIT_LOC_STRINGS = YES;
				SWIFT_VERSION = 5.0;
				TARGETED_DEVICE_FAMILY = "1,2";
			};
			name = Release;
		};
/* End XCBuildConfiguration section */

/* Begin XCConfigurationList section */
		499DEEE32A93529100F9B950 /* Build configuration list for PBXProject "Ukraine_russia_War_Dataset_2022" */ = {
			isa = XCConfigurationList;
			buildConfigurations = (
				499DEEF42A93529200F9B950 /* Debug */,
				499DEEF52A93529200F9B950 /* Release */,
			);
			defaultConfigurationIsVisible = 0;
			defaultConfigurationName = Release;
		};
		499DEEF62A93529200F9B950 /* Build configuration list for PBXNativeTarget "Ukraine_russia_War_Dataset_2022" */ = {
			isa = XCConfigurationList;
			buildConfigurations = (
				499DEEF72A93529200F9B950 /* Debug */,
				499DEEF82A93529200F9B950 /* Release */,
			);
			defaultConfigurationIsVisible = 0;
			defaultConfigurationName = Release;
		};
/* End XCConfigurationList section */
	};
	rootObject = 499DEEE02A93529100F9B950 /* Project object */;
}
